{
  "name": "mecajato",
  "lockfileVersion": 3,
  "requires": true,
  "packages": {
    "": {
      "dependencies": {
        "calendar": "^0.1.1",
        "full": "^1.0.1"
      }
    },
    "node_modules/calendar": {
      "version": "0.1.1",
      "resolved": "https://registry.npmjs.org/calendar/-/calendar-0.1.1.tgz",
      "integrity": "sha512-CExn+MxSU1pCsjYiS+Cx8d1MtIZqezxRhpIu8odr1oqvYG/0C1m8lvehHxTl1FslgKbOD7Z5QuEcyk8sGgpZLQ=="
    },
    "node_modules/full": {
      "version": "1.0.1",
      "resolved": "https://registry.npmjs.org/full/-/full-1.0.1.tgz",
      "integrity": "sha512-47NhzP8m8Fs2nEgI4sAeKUyM3ezxEnvnMOR8NxOUG8Z7qzo5J+sLqcTRxL79UNiRaGVY86ESiRC/9rS5oYUNbg=="
    }
  }
}
